PODS:
  - AFNetworking (2.7.0):
    - AFNetworking/NSURLConnection (= 2.7.0)
    - AFNetworking/NSURLSession (= 2.7.0)
    - AFNetworking/Reachability (= 2.7.0)
    - AFNetworking/Security (= 2.7.0)
    - AFNetworking/Serialization (= 2.7.0)
    - AFNetworking/UIKit (= 2.7.0)
  - AFNetworking/NSURLConnection (2.7.0):
    - AFNetworking/Reachability
    - AFNetworking/Security
    - AFNetworking/Serialization
  - AFNetworking/NSURLSession (2.7.0):
    - AFNetworking/Reachability
    - AFNetworking/Security
    - AFNetworking/Serialization
  - AFNetworking/Reachability (2.7.0)
  - AFNetworking/Security (2.7.0)
  - AFNetworking/Serialization (2.7.0)
  - AFNetworking/UIKit (2.7.0):
    - AFNetworking/NSURLConnection
    - AFNetworking/NSURLSession
  - EGOCache (2.2.0)
  - FSImageViewer (3.4):
    - AFNetworking (~> 2.5)
    - EGOCache (~> 2.1)
    - UAProgressView (~> 0.1)
  - Realm (4.3.2):
    - Realm/Headers (= 4.3.2)
  - Realm/Headers (4.3.2)
  - RealmSwift (4.3.2):
    - Realm (= 4.3.2)
  - SCLAlertView (0.8.1)
  - SwiftyUtils (5.0.0)
  - SwiftyXMLParser (5.1.0)
  - SWPinYinSearcher-JDBR (0.0.3)
  - UAProgressView (0.1.4)

DEPENDENCIES:
  - FSImageViewer
  - Realm
  - RealmSwift
  - SCLAlertView (from `https://github.com/vikmeup/SCLAlertView-Swift.git`)
  - SwiftyUtils
  - SwiftyXMLParser (from `https://github.com/yahoojapan/SwiftyXMLParser.git`)
  - SWPinYinSearcher-JDBR

SPEC REPOS:
  https://github.com/cocoapods/specs.git:
    - AFNetworking
    - EGOCache
    - FSImageViewer
    - Realm
    - RealmSwift
    - SwiftyUtils
    - SWPinYinSearcher-JDBR
    - UAProgressView

EXTERNAL SOURCES:
  SCLAlertView:
    :git: https://github.com/vikmeup/SCLAlertView-Swift.git
  SwiftyXMLParser:
    :git: https://github.com/yahoojapan/SwiftyXMLParser.git

CHECKOUT OPTIONS:
  SCLAlertView:
    :commit: d98c3e647ad77ed537d021e7d6ad07bb71f83186
    :git: https://github.com/vikmeup/SCLAlertView-Swift.git
  SwiftyXMLParser:
    :commit: bc85162ecee60d6eb94b778648bc4c51e1c4d34f
    :git: https://github.com/yahoojapan/SwiftyXMLParser.git

SPEC CHECKSUMS:
  AFNetworking: 8dd5f9b9691e09186393069a12cc3b5ed7c8b511
  EGOCache: 191fd213da6804d487b49b1a91772ba904f3e324
  FSImageViewer: 0dea92069cce74a800b75cb8777c923f2be59124
  Realm: 5e92902e2875dff4bb0fd02f67bb737c3d5db2bc
  RealmSwift: 9a360fc7bae04fc2e308a34fbd899d5faa2d6b22
  SCLAlertView: 776813fb1f62248965f37cb7edf4088ee6394460
  SwiftyUtils: 0536386622b456460c329f44e38759f16864fe24
  SwiftyXMLParser: 8271497e0a37b5c04b0b167c77b4896e36175a21
  SWPinYinSearcher-JDBR: 19978c80333fc375d6899929cc5ab0d829b35e43
  UAProgressView: 6796f5aa05037fb2940521636163b9db40a6c534

PODFILE CHECKSUM: 8ebfc376a7a9b78bbc57fdc2fea3e45abfa979c9

COCOAPODS: 1.7.5
