// !$*UTF8*$!
{
	archiveVersion = 1;
	classes = {
	};
	objectVersion = 50;
	objects = {

/* Begin PBXBuildFile section */
		5A04569E241CF11E0055EB27 /* AppDelegate.swift in Sources */ = {isa = PBXBuildFile; fileRef = 5A04569D241CF11E0055EB27 /* AppDelegate.swift */; };
		5A0456A0241CF11E0055EB27 /* SceneDelegate.swift in Sources */ = {isa = PBXBuildFile; fileRef = 5A04569F241CF11E0055EB27 /* SceneDelegate.swift */; };
		5A0456A2241CF11E0055EB27 /* ViewController.swift in Sources */ = {isa = PBXBuildFile; fileRef = 5A0456A1241CF11E0055EB27 /* ViewController.swift */; };
		5A0456A5241CF11E0055EB27 /* Main.storyboard in Resources */ = {isa = PBXBuildFile; fileRef = 5A0456A3241CF11E0055EB27 /* Main.storyboard */; };
		5A0456A7241CF1210055EB27 /* Assets.xcassets in Resources */ = {isa = PBXBuildFile; fileRef = 5A0456A6241CF1210055EB27 /* Assets.xcassets */; };
		5A0456AA241CF1210055EB27 /* LaunchScreen.storyboard in Resources */ = {isa = PBXBuildFile; fileRef = 5A0456A8241CF1210055EB27 /* LaunchScreen.storyboard */; };
		5A0456B5241CF1210055EB27 /* ChengJiDanTests.swift in Sources */ = {isa = PBXBuildFile; fileRef = 5A0456B4241CF1210055EB27 /* ChengJiDanTests.swift */; };
/* End PBXBuildFile section */

/* Begin PBXContainerItemProxy section */
		5A0456B1241CF1210055EB27 /* PBXContainerItemProxy */ = {
			isa = PBXContainerItemProxy;
			containerPortal = 5A045692241CF11E0055EB27 /* Project object */;
			proxyType = 1;
			remoteGlobalIDString = 5A045699241CF11E0055EB27;
			remoteInfo = ChengJiDan;
		};
/* End PBXContainerItemProxy section */

/* Begin PBXFileReference section */
		5A04569A241CF11E0055EB27 /* ChengJiDan.app */ = {isa = PBXFileReference; explicitFileType = wrapper.application; includeInIndex = 0; path = ChengJiDan.app; sourceTree = BUILT_PRODUCTS_DIR; };
		5A04569D241CF11E0055EB27 /* AppDelegate.swift */ = {isa = PBXFileReference; lastKnownFileType = sourcecode.swift; path = AppDelegate.swift; sourceTree = "<group>"; };
		5A04569F241CF11E0055EB27 /* SceneDelegate.swift */ = {isa = PBXFileReference; lastKnownFileType = sourcecode.swift; path = SceneDelegate.swift; sourceTree = "<group>"; };
		5A0456A1241CF11E0055EB27 /* ViewController.swift */ = {isa = PBXFileReference; lastKnownFileType = sourcecode.swift; path = ViewController.swift; sourceTree = "<group>"; };
		5A0456A4241CF11E0055EB27 /* Base */ = {isa = PBXFileReference; lastKnownFileType = file.storyboard; name = Base; path = Base.lproj/Main.storyboard; sourceTree = "<group>"; };
		5A0456A6241CF1210055EB27 /* Assets.xcassets */ = {isa = PBXFileReference; lastKnownFileType = folder.assetcatalog; path = Assets.xcassets; sourceTree = "<group>"; };
		5A0456A9241CF1210055EB27 /* Base */ = {isa = PBXFileReference; lastKnownFileType = file.storyboard; name = Base; path = Base.lproj/LaunchScreen.storyboard; sourceTree = "<group>"; };
		5A0456AB241CF1210055EB27 /* Info.plist */ = {isa = PBXFileReference; lastKnownFileType = text.plist.xml; path = Info.plist; sourceTree = "<group>"; };
		5A0456B0241CF1210055EB27 /* ChengJiDanTests.xctest */ = {isa = PBXFileReference; explicitFileType = wrapper.cfbundle; includeInIndex = 0; path = ChengJiDanTests.xctest; sourceTree = BUILT_PRODUCTS_DIR; };
		5A0456B4241CF1210055EB27 /* ChengJiDanTests.swift */ = {isa = PBXFileReference; lastKnownFileType = sourcecode.swift; path = ChengJiDanTests.swift; sourceTree = "<group>"; };
		5A0456B6241CF1210055EB27 /* Info.plist */ = {isa = PBXFileReference; lastKnownFileType = text.plist.xml; path = Info.plist; sourceTree = "<group>"; };
/* End PBXFileReference section */

/* Begin PBXFrameworksBuildPhase section */
		5A045697241CF11E0055EB27 /* Frameworks */ = {
			isa = PBXFrameworksBuildPhase;
			buildActionMask = 2147483647;
			files = (
			);
			runOnlyForDeploymentPostprocessing = 0;
		};
		5A0456AD241CF1210055EB27 /* Frameworks */ = {
			isa = PBXFrameworksBuildPhase;
			buildActionMask = 2147483647;
			files = (
			);
			runOnlyForDeploymentPostprocessing = 0;
		};
/* End PBXFrameworksBuildPhase section */

/* Begin PBXGroup section */
		5A045691241CF11E0055EB27 = {
			isa = PBXGroup;
			children = (
				5A04569C241CF11E0055EB27 /* ChengJiDan */,
				5A0456B3241CF1210055EB27 /* ChengJiDanTests */,
				5A04569B241CF11E0055EB27 /* Products */,
			);
			sourceTree = "<group>";
		};
		5A04569B241CF11E0055EB27 /* Products */ = {
			isa = PBXGroup;
			children = (
				5A04569A241CF11E0055EB27 /* ChengJiDan.app */,
				5A0456B0241CF1210055EB27 /* ChengJiDanTests.xctest */,
			);
			name = Products;
			sourceTree = "<group>";
		};
		5A04569C241CF11E0055EB27 /* ChengJiDan */ = {
			isa = PBXGroup;
			children = (
				5A04569D241CF11E0055EB27 /* AppDelegate.swift */,
				5A04569F241CF11E0055EB27 /* SceneDelegate.swift */,
				5A0456A1241CF11E0055EB27 /* ViewController.swift */,
				5A0456A3241CF11E0055EB27 /* Main.storyboard */,
				5A0456A6241CF1210055EB27 /* Assets.xcassets */,
				5A0456A8241CF1210055EB27 /* LaunchScreen.storyboard */,
				5A0456AB241CF1210055EB27 /* Info.plist */,
			);
			path = ChengJiDan;
			sourceTree = "<group>";
		};
		5A0456B3241CF1210055EB27 /* ChengJiDanTests */ = {
			isa = PBXGroup;
			children = (
				5A0456B4241CF1210055EB27 /* ChengJiDanTests.swift */,
				5A0456B6241CF1210055EB27 /* Info.plist */,
			);
			path = ChengJiDanTests;
			sourceTree = "<group>";
		};
/* End PBXGroup section */

/* Begin PBXNativeTarget section */
		5A045699241CF11E0055EB27 /* ChengJiDan */ = {
			isa = PBXNativeTarget;
			buildConfigurationList = 5A0456B9241CF1210055EB27 /* Build configuration list for PBXNativeTarget "ChengJiDan" */;
			buildPhases = (
				5A045696241CF11E0055EB27 /* Sources */,
				5A045697241CF11E0055EB27 /* Frameworks */,
				5A045698241CF11E0055EB27 /* Resources */,
			);
			buildRules = (
			);
			dependencies = (
			);
			name = ChengJiDan;
			productName = ChengJiDan;
			productReference = 5A04569A241CF11E0055EB27 /* ChengJiDan.app */;
			productType = "com.apple.product-type.application";
		};
		5A0456AF241CF1210055EB27 /* ChengJiDanTests */ = {
			isa = PBXNativeTarget;
			buildConfigurationList = 5A0456BC241CF1210055EB27 /* Build configuration list for PBXNativeTarget "ChengJiDanTests" */;
			buildPhases = (
				5A0456AC241CF1210055EB27 /* Sources */,
				5A0456AD241CF1210055EB27 /* Frameworks */,
				5A0456AE241CF1210055EB27 /* Resources */,
			);
			buildRules = (
			);
			dependencies = (
				5A0456B2241CF1210055EB27 /* PBXTargetDependency */,
			);
			name = ChengJiDanTests;
			productName = ChengJiDanTests;
			productReference = 5A0456B0241CF1210055EB27 /* ChengJiDanTests.xctest */;
			productType = "com.apple.product-type.bundle.unit-test";
		};
/* End PBXNativeTarget section */

/* Begin PBXProject section */
		5A045692241CF11E0055EB27 /* Project object */ = {
			isa = PBXProject;
			attributes = {
				LastSwiftUpdateCheck = 1100;
				LastUpgradeCheck = 1100;
				ORGANIZATIONNAME = "Mulang Su";
				TargetAttributes = {
					5A045699241CF11E0055EB27 = {
						CreatedOnToolsVersion = 11.0;
					};
					5A0456AF241CF1210055EB27 = {
						CreatedOnToolsVersion = 11.0;
						TestTargetID = 5A045699241CF11E0055EB27;
					};
				};
			};
			buildConfigurationList = 5A045695241CF11E0055EB27 /* Build configuration list for PBXProject "ChengJiDan" */;
			compatibilityVersion = "Xcode 9.3";
			developmentRegion = en;
			hasScannedForEncodings = 0;
			knownRegions = (
				en,
				Base,
			);
			mainGroup = 5A045691241CF11E0055EB27;
			productRefGroup = 5A04569B241CF11E0055EB27 /* Products */;
			projectDirPath = "";
			projectRoot = "";
			targets = (
				5A045699241CF11E0055EB27 /* ChengJiDan */,
				5A0456AF241CF1210055EB27 /* ChengJiDanTests */,
			);
		};
/* End PBXProject section */

/* Begin PBXResourcesBuildPhase section */
		5A045698241CF11E0055EB27 /* Resources */ = {
			isa = PBXResourcesBuildPhase;
			buildActionMask = 2147483647;
			files = (
				5A0456AA241CF1210055EB27 /* LaunchScreen.storyboard in Resources */,
				5A0456A7241CF1210055EB27 /* Assets.xcassets in Resources */,
				5A0456A5241CF11E0055EB27 /* Main.storyboard in Resources */,
			);
			runOnlyForDeploymentPostprocessing = 0;
		};
		5A0456AE241CF1210055EB27 /* Resources */ = {
			isa = PBXResourcesBuildPhase;
			buildActionMask = 2147483647;
			files = (
			);
			runOnlyForDeploymentPostprocessing = 0;
		};
/* End PBXResourcesBuildPhase section */

/* Begin PBXSourcesBuildPhase section */
		5A045696241CF11E0055EB27 /* Sources */ = {
			isa = PBXSourcesBuildPhase;
			buildActionMask = 2147483647;
			files = (
				5A0456A2241CF11E0055EB27 /* ViewController.swift in Sources */,
				5A04569E241CF11E0055EB27 /* AppDelegate.swift in Sources */,
				5A0456A0241CF11E0055EB27 /* SceneDelegate.swift in Sources */,
			);
			runOnlyForDeploymentPostprocessing = 0;
		};
		5A0456AC241CF1210055EB27 /* Sources */ = {
			isa = PBXSourcesBuildPhase;
			buildActionMask = 2147483647;
			files = (
				5A0456B5241CF1210055EB27 /* ChengJiDanTests.swift in Sources */,
			);
			runOnlyForDeploymentPostprocessing = 0;
		};
/* End PBXSourcesBuildPhase section */

/* Begin PBXTargetDependency section */
		5A0456B2241CF1210055EB27 /* PBXTargetDependency */ = {
			isa = PBXTargetDependency;
			target = 5A045699241CF11E0055EB27 /* ChengJiDan */;
			targetProxy = 5A0456B1241CF1210055EB27 /* PBXContainerItemProxy */;
		};
/* End PBXTargetDependency section */

/* Begin PBXVariantGroup section */
		5A0456A3241CF11E0055EB27 /* Main.storyboard */ = {
			isa = PBXVariantGroup;
			children = (
				5A0456A4241CF11E0055EB27 /* Base */,
			);
			name = Main.storyboard;
			sourceTree = "<group>";
		};
		5A0456A8241CF1210055EB27 /* LaunchScreen.storyboard */ = {
			isa = PBXVariantGroup;
			children = (
				5A0456A9241CF1210055EB27 /* Base */,
			);
			name = LaunchScreen.storyboard;
			sourceTree = "<group>";
		};
/* End PBXVariantGroup section */

/* Begin XCBuildConfiguration section */
		5A0456B7241CF1210055EB27 /* Debug */ = {
			isa = XCBuildConfiguration;
			buildSettings = {
				ALWAYS_SEARCH_USER_PATHS = NO;
				CLANG_ANALYZER_NONNULL = YES;
				CLANG_ANALYZER_NUMBER_OBJECT_CONVERSION = YES_AGGRESSIVE;
				CLANG_CXX_LANGUAGE_STANDARD = "gnu++14";
				CLANG_CXX_LIBRARY = "libc++";
				CLANG_ENABLE_MODULES = YES;
				CLANG_ENABLE_OBJC_ARC = YES;
				CLANG_ENABLE_OBJC_WEAK = YES;
				CLANG_WARN_BLOCK_CAPTURE_AUTORELEASING = YES;
				CLANG_WARN_BOOL_CONVERSION = YES;
				CLANG_WARN_COMMA = YES;
				CLANG_WARN_CONSTANT_CONVERSION = YES;
				CLANG_WARN_DEPRECATED_OBJC_IMPLEMENTATIONS = YES;
				CLANG_WARN_DIRECT_OBJC_ISA_USAGE = YES_ERROR;
				CLANG_WARN_DOCUMENTATION_COMMENTS = YES;
				CLANG_WARN_EMPTY_BODY = YES;
				CLANG_WARN_ENUM_CONVERSION = YES;
				CLANG_WARN_INFINITE_RECURSION = YES;
				CLANG_WARN_INT_CONVERSION = YES;
				CLANG_WARN_NON_LITERAL_NULL_CONVERSION = YES;
				CLANG_WARN_OBJC_IMPLICIT_RETAIN_SELF = YES;
				CLANG_WARN_OBJC_LITERAL_CONVERSION = YES;
				CLANG_WARN_OBJC_ROOT_CLASS = YES_ERROR;
				CLANG_WARN_RANGE_LOOP_ANALYSIS = YES;
				CLANG_WARN_STRICT_PROTOTYPES = YES;
				CLANG_WARN_SUSPICIOUS_MOVE = YES;
				CLANG_WARN_UNGUARDED_AVAILABILITY = YES_AGGRESSIVE;
				CLANG_WARN_UNREACHABLE_CODE = YES;
				CLANG_WARN__DUPLICATE_METHOD_MATCH = YES;
				COPY_PHASE_STRIP = NO;
				DEBUG_INFORMATION_FORMAT = dwarf;
				ENABLE_STRICT_OBJC_MSGSEND = YES;
				ENABLE_TESTABILITY = YES;
				GCC_C_LANGUAGE_STANDARD = gnu11;
				GCC_DYNAMIC_NO_PIC = NO;
				GCC_NO_COMMON_BLOCKS = YES;
				GCC_OPTIMIZATION_LEVEL = 0;
				GCC_PREPROCESSOR_DEFINITIONS = (
					"DEBUG=1",
					"$(inherited)",
				);
				GCC_WARN_64_TO_32_BIT_CONVERSION = YES;
				GCC_WARN_ABOUT_RETURN_TYPE = YES_ERROR;
				GCC_WARN_UNDECLARED_SELECTOR = YES;
				GCC_WARN_UNINITIALIZED_AUTOS = YES_AGGRESSIVE;
				GCC_WARN_UNUSED_FUNCTION = YES;
				GCC_WARN_UNUSED_VARIABLE = YES;
				IPHONEOS_DEPLOYMENT_TARGET = 13.0;
				MTL_ENABLE_DEBUG_INFO = INCLUDE_SOURCE;
				MTL_FAST_MATH = YES;
				ONLY_ACTIVE_ARCH = YES;
				SDKROOT = iphoneos;
				SWIFT_ACTIVE_COMPILATION_CONDITIONS = DEBUG;
				SWIFT_OPTIMIZATION_LEVEL = "-Onone";
			};
			name = Debug;
		};
		5A0456B8241CF1210055EB27 /* Release */ = {
			isa = XCBuildConfiguration;
			buildSettings = {
				ALWAYS_SEARCH_USER_PATHS = NO;
				CLANG_ANALYZER_NONNULL = YES;
				CLANG_ANALYZER_NUMBER_OBJECT_CONVERSION = YES_AGGRESSIVE;
				CLANG_CXX_LANGUAGE_STANDARD = "gnu++14";
				CLANG_CXX_LIBRARY = "libc++";
				CLANG_ENABLE_MODULES = YES;
				CLANG_ENABLE_OBJC_ARC = YES;
				CLANG_ENABLE_OBJC_WEAK = YES;
				CLANG_WARN_BLOCK_CAPTURE_AUTORELEASING = YES;
				CLANG_WARN_BOOL_CONVERSION = YES;
				CLANG_WARN_COMMA = YES;
				CLANG_WARN_CONSTANT_CONVERSION = YES;
				CLANG_WARN_DEPRECATED_OBJC_IMPLEMENTATIONS = YES;
				CLANG_WARN_DIRECT_OBJC_ISA_USAGE = YES_ERROR;
				CLANG_WARN_DOCUMENTATION_COMMENTS = YES;
				CLANG_WARN_EMPTY_BODY = YES;
				CLANG_WARN_ENUM_CONVERSION = YES;
				CLANG_WARN_INFINITE_RECURSION = YES;
				CLANG_WARN_INT_CONVERSION = YES;
				CLANG_WARN_NON_LITERAL_NULL_CONVERSION = YES;
				CLANG_WARN_OBJC_IMPLICIT_RETAIN_SELF = YES;
				CLANG_WARN_OBJC_LITERAL_CONVERSION = YES;
				CLANG_WARN_OBJC_ROOT_CLASS = YES_ERROR;
				CLANG_WARN_RANGE_LOOP_ANALYSIS = YES;
				CLANG_WARN_STRICT_PROTOTYPES = YES;
				CLANG_WARN_SUSPICIOUS_MOVE = YES;
				CLANG_WARN_UNGUARDED_AVAILABILITY = YES_AGGRESSIVE;
				CLANG_WARN_UNREACHABLE_CODE = YES;
				CLANG_WARN__DUPLICATE_METHOD_MATCH = YES;
				COPY_PHASE_STRIP = NO;
				DEBUG_INFORMATION_FORMAT = "dwarf-with-dsym";
				ENABLE_NS_ASSERTIONS = NO;
				ENABLE_STRICT_OBJC_MSGSEND = YES;
				GCC_C_LANGUAGE_STANDARD = gnu11;
				GCC_NO_COMMON_BLOCKS = YES;
				GCC_WARN_64_TO_32_BIT_CONVERSION = YES;
				GCC_WARN_ABOUT_RETURN_TYPE = YES_ERROR;
				GCC_WARN_UNDECLARED_SELECTOR = YES;
				GCC_WARN_UNINITIALIZED_AUTOS = YES_AGGRESSIVE;
				GCC_WARN_UNUSED_FUNCTION = YES;
				GCC_WARN_UNUSED_VARIABLE = YES;
				IPHONEOS_DEPLOYMENT_TARGET = 13.0;
				MTL_ENABLE_DEBUG_INFO = NO;
				MTL_FAST_MATH = YES;
				SDKROOT = iphoneos;
				SWIFT_COMPILATION_MODE = wholemodule;
				SWIFT_OPTIMIZATION_LEVEL = "-O";
				VALIDATE_PRODUCT = YES;
			};
			name = Release;
		};
		5A0456BA241CF1210055EB27 /* Debug */ = {
			isa = XCBuildConfiguration;
			buildSettings = {
				ASSETCATALOG_COMPILER_APPICON_NAME = AppIcon;
				CODE_SIGN_STYLE = Automatic;
				DEVELOPMENT_TEAM = E9MW74DJ4Y;
				INFOPLIST_FILE = ChengJiDan/Info.plist;
				LD_RUNPATH_SEARCH_PATHS = (
					"$(inherited)",
					"@executable_path/Frameworks",
				);
				PRODUCT_BUNDLE_IDENTIFIER = sweeper777.github.io.ChengJiDan;
				PRODUCT_NAME = "$(TARGET_NAME)";
				SWIFT_VERSION = 5.0;
				TARGETED_DEVICE_FAMILY = "1,2";
			};
			name = Debug;
		};
		5A0456BB241CF1210055EB27 /* Release */ = {
			isa = XCBuildConfiguration;
			buildSettings = {
				ASSETCATALOG_COMPILER_APPICON_NAME = AppIcon;
				CODE_SIGN_STYLE = Automatic;
				DEVELOPMENT_TEAM = E9MW74DJ4Y;
				INFOPLIST_FILE = ChengJiDan/Info.plist;
				LD_RUNPATH_SEARCH_PATHS = (
					"$(inherited)",
					"@executable_path/Frameworks",
				);
				PRODUCT_BUNDLE_IDENTIFIER = sweeper777.github.io.ChengJiDan;
				PRODUCT_NAME = "$(TARGET_NAME)";
				SWIFT_VERSION = 5.0;
				TARGETED_DEVICE_FAMILY = "1,2";
			};
			name = Release;
		};
		5A0456BD241CF1210055EB27 /* Debug */ = {
			isa = XCBuildConfiguration;
			buildSettings = {
				ALWAYS_EMBED_SWIFT_STANDARD_LIBRARIES = YES;
				BUNDLE_LOADER = "$(TEST_HOST)";
				CODE_SIGN_STYLE = Automatic;
				DEVELOPMENT_TEAM = E9MW74DJ4Y;
				INFOPLIST_FILE = ChengJiDanTests/Info.plist;
				IPHONEOS_DEPLOYMENT_TARGET = 13.0;
				LD_RUNPATH_SEARCH_PATHS = (
					"$(inherited)",
					"@executable_path/Frameworks",
					"@loader_path/Frameworks",
				);
				PRODUCT_BUNDLE_IDENTIFIER = sweeper777.github.io.ChengJiDanTests;
				PRODUCT_NAME = "$(TARGET_NAME)";
				SWIFT_VERSION = 5.0;
				TARGETED_DEVICE_FAMILY = "1,2";
				TEST_HOST = "$(BUILT_PRODUCTS_DIR)/ChengJiDan.app/ChengJiDan";
			};
			name = Debug;
		};
		5A0456BE241CF1210055EB27 /* Release */ = {
			isa = XCBuildConfiguration;
			buildSettings = {
				ALWAYS_EMBED_SWIFT_STANDARD_LIBRARIES = YES;
				BUNDLE_LOADER = "$(TEST_HOST)";
				CODE_SIGN_STYLE = Automatic;
				DEVELOPMENT_TEAM = E9MW74DJ4Y;
				INFOPLIST_FILE = ChengJiDanTests/Info.plist;
				IPHONEOS_DEPLOYMENT_TARGET = 13.0;
				LD_RUNPATH_SEARCH_PATHS = (
					"$(inherited)",
					"@executable_path/Frameworks",
					"@loader_path/Frameworks",
				);
				PRODUCT_BUNDLE_IDENTIFIER = sweeper777.github.io.ChengJiDanTests;
				PRODUCT_NAME = "$(TARGET_NAME)";
				SWIFT_VERSION = 5.0;
				TARGETED_DEVICE_FAMILY = "1,2";
				TEST_HOST = "$(BUILT_PRODUCTS_DIR)/ChengJiDan.app/ChengJiDan";
			};
			name = Release;
		};
/* End XCBuildConfiguration section */

/* Begin XCConfigurationList section */
		5A045695241CF11E0055EB27 /* Build configuration list for PBXProject "ChengJiDan" */ = {
			isa = XCConfigurationList;
			buildConfigurations = (
				5A0456B7241CF1210055EB27 /* Debug */,
				5A0456B8241CF1210055EB27 /* Release */,
			);
			defaultConfigurationIsVisible = 0;
			defaultConfigurationName = Release;
		};
		5A0456B9241CF1210055EB27 /* Build configuration list for PBXNativeTarget "ChengJiDan" */ = {
			isa = XCConfigurationList;
			buildConfigurations = (
				5A0456BA241CF1210055EB27 /* Debug */,
				5A0456BB241CF1210055EB27 /* Release */,
			);
			defaultConfigurationIsVisible = 0;
			defaultConfigurationName = Release;
		};
		5A0456BC241CF1210055EB27 /* Build configuration list for PBXNativeTarget "ChengJiDanTests" */ = {
			isa = XCConfigurationList;
			buildConfigurations = (
				5A0456BD241CF1210055EB27 /* Debug */,
				5A0456BE241CF1210055EB27 /* Release */,
			);
			defaultConfigurationIsVisible = 0;
			defaultConfigurationName = Release;
		};
/* End XCConfigurationList section */
	};
	rootObject = 5A045692241CF11E0055EB27 /* Project object */;
}
