// !$*UTF8*$!
{
	archiveVersion = 1;
	classes = {
	};
	objectVersion = 51;
	objects = {

/* Begin PBXBuildFile section */
		5A011C76244711BE001FAC3E /* HelpViewController.swift in Sources */ = {isa = PBXBuildFile; fileRef = 5A011C75244711BE001FAC3E /* HelpViewController.swift */; };
		5A04569E241CF11E0055EB27 /* AppDelegate.swift in Sources */ = {isa = PBXBuildFile; fileRef = 5A04569D241CF11E0055EB27 /* AppDelegate.swift */; };
		5A0456A0241CF11E0055EB27 /* SceneDelegate.swift in Sources */ = {isa = PBXBuildFile; fileRef = 5A04569F241CF11E0055EB27 /* SceneDelegate.swift */; };
		5A0456A2241CF11E0055EB27 /* ChengJiDanListViewController.swift in Sources */ = {isa = PBXBuildFile; fileRef = 5A0456A1241CF11E0055EB27 /* ChengJiDanListViewController.swift */; };
		5A0456A7241CF1210055EB27 /* Assets.xcassets in Resources */ = {isa = PBXBuildFile; fileRef = 5A0456A6241CF1210055EB27 /* Assets.xcassets */; };
		5A0456B5241CF1210055EB27 /* ChengJiDanTests.swift in Sources */ = {isa = PBXBuildFile; fileRef = 5A0456B4241CF1210055EB27 /* ChengJiDanTests.swift */; };
		5A0456C3241CF2190055EB27 /* SKUBezierPath+SVG.m in Sources */ = {isa = PBXBuildFile; fileRef = 5A0456C1241CF2190055EB27 /* SKUBezierPath+SVG.m */; };
		5A0456C5241CFEBD0055EB27 /* map.svg in Resources */ = {isa = PBXBuildFile; fileRef = 5A0456C4241CFEBD0055EB27 /* map.svg */; };
		5A0456C7241CFF040055EB27 /* SVGView.swift in Sources */ = {isa = PBXBuildFile; fileRef = 5A0456C6241CFF040055EB27 /* SVGView.swift */; };
		5A0456C9241D074E0055EB27 /* Province.swift in Sources */ = {isa = PBXBuildFile; fileRef = 5A0456C8241D074E0055EB27 /* Province.swift */; };
		5A0456CB241D0A960055EB27 /* TravelStatus.swift in Sources */ = {isa = PBXBuildFile; fileRef = 5A0456CA241D0A960055EB27 /* TravelStatus.swift */; };
		5A0456CD241D120D0055EB27 /* ProvinceList.swift in Sources */ = {isa = PBXBuildFile; fileRef = 5A0456CC241D120D0055EB27 /* ProvinceList.swift */; };
		5A061E7D24265EBD00CC3308 /* DataManager.swift in Sources */ = {isa = PBXBuildFile; fileRef = 5A061E7C24265EBD00CC3308 /* DataManager.swift */; };
		5A061E7F2426689C00CC3308 /* ChengJiDanMapViewController.swift in Sources */ = {isa = PBXBuildFile; fileRef = 5A061E7E2426689C00CC3308 /* ChengJiDanMapViewController.swift */; };
		5A0A045C244850CA009E426A /* help.md in Resources */ = {isa = PBXBuildFile; fileRef = 5A0A045B244850CA009E426A /* help.md */; };
		5A0A91242448918900D4303E /* LaunchScreen.storyboard in Resources */ = {isa = PBXBuildFile; fileRef = 5A0A91202448918900D4303E /* LaunchScreen.storyboard */; };
		5A0A91252448918900D4303E /* Main.storyboard in Resources */ = {isa = PBXBuildFile; fileRef = 5A0A91222448918900D4303E /* Main.storyboard */; };
		5A12B12B2427B6B000124870 /* ChengJiDanEditorViewController.swift in Sources */ = {isa = PBXBuildFile; fileRef = 5A12B12A2427B6B000124870 /* ChengJiDanEditorViewController.swift */; };
		5A26BFC5243C73930092D680 /* hanzi2pinyin_v2.txt in Resources */ = {isa = PBXBuildFile; fileRef = 5A26BFC4243C73930092D680 /* hanzi2pinyin_v2.txt */; };
		A0E62ABE231B1EEE6E04A48D /* Pods_ChengJiDanTests.framework in Frameworks */ = {isa = PBXBuildFile; fileRef = FF005624EB9400C5F702CF96 /* Pods_ChengJiDanTests.framework */; };
		E8A7BCA40E0B31DB48040986 /* Pods_ChengJiDan.framework in Frameworks */ = {isa = PBXBuildFile; fileRef = 2E18FCFFB50D5F648DE25C86 /* Pods_ChengJiDan.framework */; };
/* End PBXBuildFile section */

/* Begin PBXContainerItemProxy section */
		5A0456B1241CF1210055EB27 /* PBXContainerItemProxy */ = {
			isa = PBXContainerItemProxy;
			containerPortal = 5A045692241CF11E0055EB27 /* Project object */;
			proxyType = 1;
			remoteGlobalIDString = 5A045699241CF11E0055EB27;
			remoteInfo = ChengJiDan;
		};
/* End PBXContainerItemProxy section */

/* Begin PBXFileReference section */
		2E18FCFFB50D5F648DE25C86 /* Pods_ChengJiDan.framework */ = {isa = PBXFileReference; explicitFileType = wrapper.framework; includeInIndex = 0; path = Pods_ChengJiDan.framework; sourceTree = BUILT_PRODUCTS_DIR; };
		539EB4ABCA838705AEA39C6E /* Pods-ChengJiDanTests.release.xcconfig */ = {isa = PBXFileReference; includeInIndex = 1; lastKnownFileType = text.xcconfig; name = "Pods-ChengJiDanTests.release.xcconfig"; path = "Target Support Files/Pods-ChengJiDanTests/Pods-ChengJiDanTests.release.xcconfig"; sourceTree = "<group>"; };
		5A011C75244711BE001FAC3E /* HelpViewController.swift */ = {isa = PBXFileReference; lastKnownFileType = sourcecode.swift; path = HelpViewController.swift; sourceTree = "<group>"; };
		5A04569A241CF11E0055EB27 /* 城跡单.app */ = {isa = PBXFileReference; explicitFileType = wrapper.application; includeInIndex = 0; path = "城跡单.app"; sourceTree = BUILT_PRODUCTS_DIR; };
		5A04569D241CF11E0055EB27 /* AppDelegate.swift */ = {isa = PBXFileReference; lastKnownFileType = sourcecode.swift; path = AppDelegate.swift; sourceTree = "<group>"; };
		5A04569F241CF11E0055EB27 /* SceneDelegate.swift */ = {isa = PBXFileReference; lastKnownFileType = sourcecode.swift; path = SceneDelegate.swift; sourceTree = "<group>"; };
		5A0456A1241CF11E0055EB27 /* ChengJiDanListViewController.swift */ = {isa = PBXFileReference; lastKnownFileType = sourcecode.swift; path = ChengJiDanListViewController.swift; sourceTree = "<group>"; };
		5A0456A6241CF1210055EB27 /* Assets.xcassets */ = {isa = PBXFileReference; lastKnownFileType = folder.assetcatalog; path = Assets.xcassets; sourceTree = "<group>"; };
		5A0456AB241CF1210055EB27 /* Info.plist */ = {isa = PBXFileReference; lastKnownFileType = text.plist.xml; path = Info.plist; sourceTree = "<group>"; };
		5A0456B0241CF1210055EB27 /* ChengJiDanTests.xctest */ = {isa = PBXFileReference; explicitFileType = wrapper.cfbundle; includeInIndex = 0; path = ChengJiDanTests.xctest; sourceTree = BUILT_PRODUCTS_DIR; };
		5A0456B4241CF1210055EB27 /* ChengJiDanTests.swift */ = {isa = PBXFileReference; lastKnownFileType = sourcecode.swift; path = ChengJiDanTests.swift; sourceTree = "<group>"; };
		5A0456B6241CF1210055EB27 /* Info.plist */ = {isa = PBXFileReference; lastKnownFileType = text.plist.xml; path = Info.plist; sourceTree = "<group>"; };
		5A0456C0241CF2190055EB27 /* SKUBezierPath+SVG.h */ = {isa = PBXFileReference; fileEncoding = 4; lastKnownFileType = sourcecode.c.h; path = "SKUBezierPath+SVG.h"; sourceTree = "<group>"; };
		5A0456C1241CF2190055EB27 /* SKUBezierPath+SVG.m */ = {isa = PBXFileReference; fileEncoding = 4; lastKnownFileType = sourcecode.c.objc; path = "SKUBezierPath+SVG.m"; sourceTree = "<group>"; };
		5A0456C2241CF2190055EB27 /* ChengJiDan-Bridging-Header.h */ = {isa = PBXFileReference; fileEncoding = 4; lastKnownFileType = sourcecode.c.h; path = "ChengJiDan-Bridging-Header.h"; sourceTree = "<group>"; };
		5A0456C4241CFEBD0055EB27 /* map.svg */ = {isa = PBXFileReference; fileEncoding = 4; lastKnownFileType = text.xml; path = map.svg; sourceTree = "<group>"; };
		5A0456C6241CFF040055EB27 /* SVGView.swift */ = {isa = PBXFileReference; lastKnownFileType = sourcecode.swift; path = SVGView.swift; sourceTree = "<group>"; };
		5A0456C8241D074E0055EB27 /* Province.swift */ = {isa = PBXFileReference; lastKnownFileType = sourcecode.swift; path = Province.swift; sourceTree = "<group>"; };
		5A0456CA241D0A960055EB27 /* TravelStatus.swift */ = {isa = PBXFileReference; lastKnownFileType = sourcecode.swift; path = TravelStatus.swift; sourceTree = "<group>"; };
		5A0456CC241D120D0055EB27 /* ProvinceList.swift */ = {isa = PBXFileReference; lastKnownFileType = sourcecode.swift; path = ProvinceList.swift; sourceTree = "<group>"; };
		5A061E7C24265EBD00CC3308 /* DataManager.swift */ = {isa = PBXFileReference; lastKnownFileType = sourcecode.swift; path = DataManager.swift; sourceTree = "<group>"; };
		5A061E7E2426689C00CC3308 /* ChengJiDanMapViewController.swift */ = {isa = PBXFileReference; lastKnownFileType = sourcecode.swift; path = ChengJiDanMapViewController.swift; sourceTree = "<group>"; };
		5A0A045B244850CA009E426A /* help.md */ = {isa = PBXFileReference; lastKnownFileType = net.daringfireball.markdown; path = help.md; sourceTree = "<group>"; };
		5A0A91212448918900D4303E /* zh-Hans */ = {isa = PBXFileReference; lastKnownFileType = file.storyboard; name = "zh-Hans"; path = "zh-Hans.lproj/LaunchScreen.storyboard"; sourceTree = "<group>"; };
		5A0A91232448918900D4303E /* zh-Hans */ = {isa = PBXFileReference; lastKnownFileType = file.storyboard; name = "zh-Hans"; path = "zh-Hans.lproj/Main.storyboard"; sourceTree = "<group>"; };
		5A12B12A2427B6B000124870 /* ChengJiDanEditorViewController.swift */ = {isa = PBXFileReference; lastKnownFileType = sourcecode.swift; path = ChengJiDanEditorViewController.swift; sourceTree = "<group>"; };
		5A26BFC4243C73930092D680 /* hanzi2pinyin_v2.txt */ = {isa = PBXFileReference; fileEncoding = 4; lastKnownFileType = text; name = hanzi2pinyin_v2.txt; path = "Pods/SWPinYinSearcher-JDBR/SWPinYinSearcher/hanzi2pinyin_v2.txt"; sourceTree = SOURCE_ROOT; };
		CF34EFBE4FD5C6F567B0E8F9 /* Pods-ChengJiDan.debug.xcconfig */ = {isa = PBXFileReference; includeInIndex = 1; lastKnownFileType = text.xcconfig; name = "Pods-ChengJiDan.debug.xcconfig"; path = "Target Support Files/Pods-ChengJiDan/Pods-ChengJiDan.debug.xcconfig"; sourceTree = "<group>"; };
		DA58222A8C517369AADDA01F /* Pods-ChengJiDan.release.xcconfig */ = {isa = PBXFileReference; includeInIndex = 1; lastKnownFileType = text.xcconfig; name = "Pods-ChengJiDan.release.xcconfig"; path = "Target Support Files/Pods-ChengJiDan/Pods-ChengJiDan.release.xcconfig"; sourceTree = "<group>"; };
		E2E9D6AAEC8C37C0F85733B2 /* Pods-ChengJiDanTests.debug.xcconfig */ = {isa = PBXFileReference; includeInIndex = 1; lastKnownFileType = text.xcconfig; name = "Pods-ChengJiDanTests.debug.xcconfig"; path = "Target Support Files/Pods-ChengJiDanTests/Pods-ChengJiDanTests.debug.xcconfig"; sourceTree = "<group>"; };
		FF005624EB9400C5F702CF96 /* Pods_ChengJiDanTests.framework */ = {isa = PBXFileReference; explicitFileType = wrapper.framework; includeInIndex = 0; path = Pods_ChengJiDanTests.framework; sourceTree = BUILT_PRODUCTS_DIR; };
/* End PBXFileReference section */

/* Begin PBXFrameworksBuildPhase section */
		5A045697241CF11E0055EB27 /* Frameworks */ = {
			isa = PBXFrameworksBuildPhase;
			buildActionMask = 2147483647;
			files = (
				E8A7BCA40E0B31DB48040986 /* Pods_ChengJiDan.framework in Frameworks */,
			);
			runOnlyForDeploymentPostprocessing = 0;
		};
		5A0456AD241CF1210055EB27 /* Frameworks */ = {
			isa = PBXFrameworksBuildPhase;
			buildActionMask = 2147483647;
			files = (
				A0E62ABE231B1EEE6E04A48D /* Pods_ChengJiDanTests.framework in Frameworks */,
			);
			runOnlyForDeploymentPostprocessing = 0;
		};
/* End PBXFrameworksBuildPhase section */

/* Begin PBXGroup section */
		4EDD9D2C58878A2DEA66B487 /* Pods */ = {
			isa = PBXGroup;
			children = (
				CF34EFBE4FD5C6F567B0E8F9 /* Pods-ChengJiDan.debug.xcconfig */,
				DA58222A8C517369AADDA01F /* Pods-ChengJiDan.release.xcconfig */,
				E2E9D6AAEC8C37C0F85733B2 /* Pods-ChengJiDanTests.debug.xcconfig */,
				539EB4ABCA838705AEA39C6E /* Pods-ChengJiDanTests.release.xcconfig */,
			);
			path = Pods;
			sourceTree = "<group>";
		};
		5A045691241CF11E0055EB27 = {
			isa = PBXGroup;
			children = (
				5A04569C241CF11E0055EB27 /* ChengJiDan */,
				5A0456B3241CF1210055EB27 /* ChengJiDanTests */,
				5A04569B241CF11E0055EB27 /* Products */,
				4EDD9D2C58878A2DEA66B487 /* Pods */,
				E899A27729F4E7BF3283F9DF /* Frameworks */,
			);
			sourceTree = "<group>";
		};
		5A04569B241CF11E0055EB27 /* Products */ = {
			isa = PBXGroup;
			children = (
				5A04569A241CF11E0055EB27 /* 城跡单.app */,
				5A0456B0241CF1210055EB27 /* ChengJiDanTests.xctest */,
			);
			name = Products;
			sourceTree = "<group>";
		};
		5A04569C241CF11E0055EB27 /* ChengJiDan */ = {
			isa = PBXGroup;
			children = (
				5A26BFC4243C73930092D680 /* hanzi2pinyin_v2.txt */,
				5A04569D241CF11E0055EB27 /* AppDelegate.swift */,
				5A04569F241CF11E0055EB27 /* SceneDelegate.swift */,
				5A0456A1241CF11E0055EB27 /* ChengJiDanListViewController.swift */,
				5A061E7E2426689C00CC3308 /* ChengJiDanMapViewController.swift */,
				5A12B12A2427B6B000124870 /* ChengJiDanEditorViewController.swift */,
				5A011C75244711BE001FAC3E /* HelpViewController.swift */,
				5A0456C6241CFF040055EB27 /* SVGView.swift */,
				5A0456C8241D074E0055EB27 /* Province.swift */,
				5A0456CC241D120D0055EB27 /* ProvinceList.swift */,
				5A0456CA241D0A960055EB27 /* TravelStatus.swift */,
				5A061E7C24265EBD00CC3308 /* DataManager.swift */,
				5A0A91202448918900D4303E /* LaunchScreen.storyboard */,
				5A0A91222448918900D4303E /* Main.storyboard */,
				5A0456A6241CF1210055EB27 /* Assets.xcassets */,
				5A0456AB241CF1210055EB27 /* Info.plist */,
				5A0456C2241CF2190055EB27 /* ChengJiDan-Bridging-Header.h */,
				5A0456C0241CF2190055EB27 /* SKUBezierPath+SVG.h */,
				5A0456C1241CF2190055EB27 /* SKUBezierPath+SVG.m */,
				5A0456C4241CFEBD0055EB27 /* map.svg */,
				5A0A045B244850CA009E426A /* help.md */,
			);
			path = ChengJiDan;
			sourceTree = "<group>";
		};
		5A0456B3241CF1210055EB27 /* ChengJiDanTests */ = {
			isa = PBXGroup;
			children = (
				5A0456B4241CF1210055EB27 /* ChengJiDanTests.swift */,
				5A0456B6241CF1210055EB27 /* Info.plist */,
			);
			path = ChengJiDanTests;
			sourceTree = "<group>";
		};
		E899A27729F4E7BF3283F9DF /* Frameworks */ = {
			isa = PBXGroup;
			children = (
				2E18FCFFB50D5F648DE25C86 /* Pods_ChengJiDan.framework */,
				FF005624EB9400C5F702CF96 /* Pods_ChengJiDanTests.framework */,
			);
			name = Frameworks;
			sourceTree = "<group>";
		};
/* End PBXGroup section */

/* Begin PBXNativeTarget section */
		5A045699241CF11E0055EB27 /* ChengJiDan */ = {
			isa = PBXNativeTarget;
			buildConfigurationList = 5A0456B9241CF1210055EB27 /* Build configuration list for PBXNativeTarget "ChengJiDan" */;
			buildPhases = (
				E592890FDBDDF473C22CDD43 /* [CP] Check Pods Manifest.lock */,
				5A045696241CF11E0055EB27 /* Sources */,
				5A045697241CF11E0055EB27 /* Frameworks */,
				5A045698241CF11E0055EB27 /* Resources */,
				499D33CB024488FA9AAB17A3 /* [CP] Embed Pods Frameworks */,
			);
			buildRules = (
			);
			dependencies = (
			);
			name = ChengJiDan;
			productName = ChengJiDan;
			productReference = 5A04569A241CF11E0055EB27 /* 城跡单.app */;
			productType = "com.apple.product-type.application";
		};
		5A0456AF241CF1210055EB27 /* ChengJiDanTests */ = {
			isa = PBXNativeTarget;
			buildConfigurationList = 5A0456BC241CF1210055EB27 /* Build configuration list for PBXNativeTarget "ChengJiDanTests" */;
			buildPhases = (
				D404B89762B62A38591A5831 /* [CP] Check Pods Manifest.lock */,
				5A0456AC241CF1210055EB27 /* Sources */,
				5A0456AD241CF1210055EB27 /* Frameworks */,
				5A0456AE241CF1210055EB27 /* Resources */,
			);
			buildRules = (
			);
			dependencies = (
				5A0456B2241CF1210055EB27 /* PBXTargetDependency */,
			);
			name = ChengJiDanTests;
			productName = ChengJiDanTests;
			productReference = 5A0456B0241CF1210055EB27 /* ChengJiDanTests.xctest */;
			productType = "com.apple.product-type.bundle.unit-test";
		};
/* End PBXNativeTarget section */

/* Begin PBXProject section */
		5A045692241CF11E0055EB27 /* Project object */ = {
			isa = PBXProject;
			attributes = {
				LastSwiftUpdateCheck = 1100;
				LastUpgradeCheck = 1100;
				ORGANIZATIONNAME = "Mulang Su";
				TargetAttributes = {
					5A045699241CF11E0055EB27 = {
						CreatedOnToolsVersion = 11.0;
						LastSwiftMigration = 1100;
					};
					5A0456AF241CF1210055EB27 = {
						CreatedOnToolsVersion = 11.0;
						TestTargetID = 5A045699241CF11E0055EB27;
					};
				};
			};
			buildConfigurationList = 5A045695241CF11E0055EB27 /* Build configuration list for PBXProject "ChengJiDan" */;
			compatibilityVersion = "Xcode 9.3";
			developmentRegion = "zh-Hans";
			hasScannedForEncodings = 0;
			knownRegions = (
				"zh-Hans",
			);
			mainGroup = 5A045691241CF11E0055EB27;
			productRefGroup = 5A04569B241CF11E0055EB27 /* Products */;
			projectDirPath = "";
			projectRoot = "";
			targets = (
				5A045699241CF11E0055EB27 /* ChengJiDan */,
				5A0456AF241CF1210055EB27 /* ChengJiDanTests */,
			);
		};
/* End PBXProject section */

/* Begin PBXResourcesBuildPhase section */
		5A045698241CF11E0055EB27 /* Resources */ = {
			isa = PBXResourcesBuildPhase;
			buildActionMask = 2147483647;
			files = (
				5A26BFC5243C73930092D680 /* hanzi2pinyin_v2.txt in Resources */,
				5A0456A7241CF1210055EB27 /* Assets.xcassets in Resources */,
				5A0A045C244850CA009E426A /* help.md in Resources */,
				5A0A91252448918900D4303E /* Main.storyboard in Resources */,
				5A0A91242448918900D4303E /* LaunchScreen.storyboard in Resources */,
				5A0456C5241CFEBD0055EB27 /* map.svg in Resources */,
			);
			runOnlyForDeploymentPostprocessing = 0;
		};
		5A0456AE241CF1210055EB27 /* Resources */ = {
			isa = PBXResourcesBuildPhase;
			buildActionMask = 2147483647;
			files = (
			);
			runOnlyForDeploymentPostprocessing = 0;
		};
/* End PBXResourcesBuildPhase section */

/* Begin PBXShellScriptBuildPhase section */
		499D33CB024488FA9AAB17A3 /* [CP] Embed Pods Frameworks */ = {
			isa = PBXShellScriptBuildPhase;
			buildActionMask = 2147483647;
			files = (
			);
			inputFileListPaths = (
				"${PODS_ROOT}/Target Support Files/Pods-ChengJiDan/Pods-ChengJiDan-frameworks-${CONFIGURATION}-input-files.xcfilelist",
			);
			name = "[CP] Embed Pods Frameworks";
			outputFileListPaths = (
				"${PODS_ROOT}/Target Support Files/Pods-ChengJiDan/Pods-ChengJiDan-frameworks-${CONFIGURATION}-output-files.xcfilelist",
			);
			runOnlyForDeploymentPostprocessing = 0;
			shellPath = /bin/sh;
			shellScript = "\"${PODS_ROOT}/Target Support Files/Pods-ChengJiDan/Pods-ChengJiDan-frameworks.sh\"\n";
			showEnvVarsInLog = 0;
		};
		D404B89762B62A38591A5831 /* [CP] Check Pods Manifest.lock */ = {
			isa = PBXShellScriptBuildPhase;
			buildActionMask = 2147483647;
			files = (
			);
			inputFileListPaths = (
			);
			inputPaths = (
				"${PODS_PODFILE_DIR_PATH}/Podfile.lock",
				"${PODS_ROOT}/Manifest.lock",
			);
			name = "[CP] Check Pods Manifest.lock";
			outputFileListPaths = (
			);
			outputPaths = (
				"$(DERIVED_FILE_DIR)/Pods-ChengJiDanTests-checkManifestLockResult.txt",
			);
			runOnlyForDeploymentPostprocessing = 0;
			shellPath = /bin/sh;
			shellScript = "diff \"${PODS_PODFILE_DIR_PATH}/Podfile.lock\" \"${PODS_ROOT}/Manifest.lock\" > /dev/null\nif [ $? != 0 ] ; then\n    # print error to STDERR\n    echo \"error: The sandbox is not in sync with the Podfile.lock. Run 'pod install' or update your CocoaPods installation.\" >&2\n    exit 1\nfi\n# This output is used by Xcode 'outputs' to avoid re-running this script phase.\necho \"SUCCESS\" > \"${SCRIPT_OUTPUT_FILE_0}\"\n";
			showEnvVarsInLog = 0;
		};
		E592890FDBDDF473C22CDD43 /* [CP] Check Pods Manifest.lock */ = {
			isa = PBXShellScriptBuildPhase;
			buildActionMask = 2147483647;
			files = (
			);
			inputFileListPaths = (
			);
			inputPaths = (
				"${PODS_PODFILE_DIR_PATH}/Podfile.lock",
				"${PODS_ROOT}/Manifest.lock",
			);
			name = "[CP] Check Pods Manifest.lock";
			outputFileListPaths = (
			);
			outputPaths = (
				"$(DERIVED_FILE_DIR)/Pods-ChengJiDan-checkManifestLockResult.txt",
			);
			runOnlyForDeploymentPostprocessing = 0;
			shellPath = /bin/sh;
			shellScript = "diff \"${PODS_PODFILE_DIR_PATH}/Podfile.lock\" \"${PODS_ROOT}/Manifest.lock\" > /dev/null\nif [ $? != 0 ] ; then\n    # print error to STDERR\n    echo \"error: The sandbox is not in sync with the Podfile.lock. Run 'pod install' or update your CocoaPods installation.\" >&2\n    exit 1\nfi\n# This output is used by Xcode 'outputs' to avoid re-running this script phase.\necho \"SUCCESS\" > \"${SCRIPT_OUTPUT_FILE_0}\"\n";
			showEnvVarsInLog = 0;
		};
/* End PBXShellScriptBuildPhase section */

/* Begin PBXSourcesBuildPhase section */
		5A045696241CF11E0055EB27 /* Sources */ = {
			isa = PBXSourcesBuildPhase;
			buildActionMask = 2147483647;
			files = (
				5A0456A2241CF11E0055EB27 /* ChengJiDanListViewController.swift in Sources */,
				5A0456C7241CFF040055EB27 /* SVGView.swift in Sources */,
				5A04569E241CF11E0055EB27 /* AppDelegate.swift in Sources */,
				5A0456C9241D074E0055EB27 /* Province.swift in Sources */,
				5A061E7F2426689C00CC3308 /* ChengJiDanMapViewController.swift in Sources */,
				5A0456CB241D0A960055EB27 /* TravelStatus.swift in Sources */,
				5A0456C3241CF2190055EB27 /* SKUBezierPath+SVG.m in Sources */,
				5A011C76244711BE001FAC3E /* HelpViewController.swift in Sources */,
				5A0456A0241CF11E0055EB27 /* SceneDelegate.swift in Sources */,
				5A061E7D24265EBD00CC3308 /* DataManager.swift in Sources */,
				5A0456CD241D120D0055EB27 /* ProvinceList.swift in Sources */,
				5A12B12B2427B6B000124870 /* ChengJiDanEditorViewController.swift in Sources */,
			);
			runOnlyForDeploymentPostprocessing = 0;
		};
		5A0456AC241CF1210055EB27 /* Sources */ = {
			isa = PBXSourcesBuildPhase;
			buildActionMask = 2147483647;
			files = (
				5A0456B5241CF1210055EB27 /* ChengJiDanTests.swift in Sources */,
			);
			runOnlyForDeploymentPostprocessing = 0;
		};
/* End PBXSourcesBuildPhase section */

/* Begin PBXTargetDependency section */
		5A0456B2241CF1210055EB27 /* PBXTargetDependency */ = {
			isa = PBXTargetDependency;
			target = 5A045699241CF11E0055EB27 /* ChengJiDan */;
			targetProxy = 5A0456B1241CF1210055EB27 /* PBXContainerItemProxy */;
		};
/* End PBXTargetDependency section */

/* Begin PBXVariantGroup section */
		5A0A91202448918900D4303E /* LaunchScreen.storyboard */ = {
			isa = PBXVariantGroup;
			children = (
				5A0A91212448918900D4303E /* zh-Hans */,
			);
			name = LaunchScreen.storyboard;
			sourceTree = "<group>";
		};
		5A0A91222448918900D4303E /* Main.storyboard */ = {
			isa = PBXVariantGroup;
			children = (
				5A0A91232448918900D4303E /* zh-Hans */,
			);
			name = Main.storyboard;
			sourceTree = "<group>";
		};
/* End PBXVariantGroup section */

/* Begin XCBuildConfiguration section */
		5A0456B7241CF1210055EB27 /* Debug */ = {
			isa = XCBuildConfiguration;
			buildSettings = {
				ALWAYS_SEARCH_USER_PATHS = NO;
				CLANG_ANALYZER_LOCALIZABILITY_NONLOCALIZED = YES;
				CLANG_ANALYZER_NONNULL = YES;
				CLANG_ANALYZER_NUMBER_OBJECT_CONVERSION = YES_AGGRESSIVE;
				CLANG_CXX_LANGUAGE_STANDARD = "gnu++14";
				CLANG_CXX_LIBRARY = "libc++";
				CLANG_ENABLE_MODULES = YES;
				CLANG_ENABLE_OBJC_ARC = YES;
				CLANG_ENABLE_OBJC_WEAK = YES;
				CLANG_WARN_BLOCK_CAPTURE_AUTORELEASING = YES;
				CLANG_WARN_BOOL_CONVERSION = YES;
				CLANG_WARN_COMMA = YES;
				CLANG_WARN_CONSTANT_CONVERSION = YES;
				CLANG_WARN_DEPRECATED_OBJC_IMPLEMENTATIONS = YES;
				CLANG_WARN_DIRECT_OBJC_ISA_USAGE = YES_ERROR;
				CLANG_WARN_DOCUMENTATION_COMMENTS = YES;
				CLANG_WARN_EMPTY_BODY = YES;
				CLANG_WARN_ENUM_CONVERSION = YES;
				CLANG_WARN_INFINITE_RECURSION = YES;
				CLANG_WARN_INT_CONVERSION = YES;
				CLANG_WARN_NON_LITERAL_NULL_CONVERSION = YES;
				CLANG_WARN_OBJC_IMPLICIT_RETAIN_SELF = YES;
				CLANG_WARN_OBJC_LITERAL_CONVERSION = YES;
				CLANG_WARN_OBJC_ROOT_CLASS = YES_ERROR;
				CLANG_WARN_RANGE_LOOP_ANALYSIS = YES;
				CLANG_WARN_STRICT_PROTOTYPES = YES;
				CLANG_WARN_SUSPICIOUS_MOVE = YES;
				CLANG_WARN_UNGUARDED_AVAILABILITY = YES_AGGRESSIVE;
				CLANG_WARN_UNREACHABLE_CODE = YES;
				CLANG_WARN__DUPLICATE_METHOD_MATCH = YES;
				COPY_PHASE_STRIP = NO;
				DEBUG_INFORMATION_FORMAT = dwarf;
				ENABLE_STRICT_OBJC_MSGSEND = YES;
				ENABLE_TESTABILITY = YES;
				GCC_C_LANGUAGE_STANDARD = gnu11;
				GCC_DYNAMIC_NO_PIC = NO;
				GCC_NO_COMMON_BLOCKS = YES;
				GCC_OPTIMIZATION_LEVEL = 0;
				GCC_PREPROCESSOR_DEFINITIONS = (
					"DEBUG=1",
					"$(inherited)",
				);
				GCC_WARN_64_TO_32_BIT_CONVERSION = YES;
				GCC_WARN_ABOUT_RETURN_TYPE = YES_ERROR;
				GCC_WARN_UNDECLARED_SELECTOR = YES;
				GCC_WARN_UNINITIALIZED_AUTOS = YES_AGGRESSIVE;
				GCC_WARN_UNUSED_FUNCTION = YES;
				GCC_WARN_UNUSED_VARIABLE = YES;
				IPHONEOS_DEPLOYMENT_TARGET = 13.0;
				MTL_ENABLE_DEBUG_INFO = INCLUDE_SOURCE;
				MTL_FAST_MATH = YES;
				ONLY_ACTIVE_ARCH = YES;
				SDKROOT = iphoneos;
				SWIFT_ACTIVE_COMPILATION_CONDITIONS = DEBUG;
				SWIFT_OPTIMIZATION_LEVEL = "-Onone";
			};
			name = Debug;
		};
		5A0456B8241CF1210055EB27 /* Release */ = {
			isa = XCBuildConfiguration;
			buildSettings = {
				ALWAYS_SEARCH_USER_PATHS = NO;
				CLANG_ANALYZER_LOCALIZABILITY_NONLOCALIZED = YES;
				CLANG_ANALYZER_NONNULL = YES;
				CLANG_ANALYZER_NUMBER_OBJECT_CONVERSION = YES_AGGRESSIVE;
				CLANG_CXX_LANGUAGE_STANDARD = "gnu++14";
				CLANG_CXX_LIBRARY = "libc++";
				CLANG_ENABLE_MODULES = YES;
				CLANG_ENABLE_OBJC_ARC = YES;
				CLANG_ENABLE_OBJC_WEAK = YES;
				CLANG_WARN_BLOCK_CAPTURE_AUTORELEASING = YES;
				CLANG_WARN_BOOL_CONVERSION = YES;
				CLANG_WARN_COMMA = YES;
				CLANG_WARN_CONSTANT_CONVERSION = YES;
				CLANG_WARN_DEPRECATED_OBJC_IMPLEMENTATIONS = YES;
				CLANG_WARN_DIRECT_OBJC_ISA_USAGE = YES_ERROR;
				CLANG_WARN_DOCUMENTATION_COMMENTS = YES;
				CLANG_WARN_EMPTY_BODY = YES;
				CLANG_WARN_ENUM_CONVERSION = YES;
				CLANG_WARN_INFINITE_RECURSION = YES;
				CLANG_WARN_INT_CONVERSION = YES;
				CLANG_WARN_NON_LITERAL_NULL_CONVERSION = YES;
				CLANG_WARN_OBJC_IMPLICIT_RETAIN_SELF = YES;
				CLANG_WARN_OBJC_LITERAL_CONVERSION = YES;
				CLANG_WARN_OBJC_ROOT_CLASS = YES_ERROR;
				CLANG_WARN_RANGE_LOOP_ANALYSIS = YES;
				CLANG_WARN_STRICT_PROTOTYPES = YES;
				CLANG_WARN_SUSPICIOUS_MOVE = YES;
				CLANG_WARN_UNGUARDED_AVAILABILITY = YES_AGGRESSIVE;
				CLANG_WARN_UNREACHABLE_CODE = YES;
				CLANG_WARN__DUPLICATE_METHOD_MATCH = YES;
				COPY_PHASE_STRIP = NO;
				DEBUG_INFORMATION_FORMAT = "dwarf-with-dsym";
				ENABLE_NS_ASSERTIONS = NO;
				ENABLE_STRICT_OBJC_MSGSEND = YES;
				GCC_C_LANGUAGE_STANDARD = gnu11;
				GCC_NO_COMMON_BLOCKS = YES;
				GCC_WARN_64_TO_32_BIT_CONVERSION = YES;
				GCC_WARN_ABOUT_RETURN_TYPE = YES_ERROR;
				GCC_WARN_UNDECLARED_SELECTOR = YES;
				GCC_WARN_UNINITIALIZED_AUTOS = YES_AGGRESSIVE;
				GCC_WARN_UNUSED_FUNCTION = YES;
				GCC_WARN_UNUSED_VARIABLE = YES;
				IPHONEOS_DEPLOYMENT_TARGET = 13.0;
				MTL_ENABLE_DEBUG_INFO = NO;
				MTL_FAST_MATH = YES;
				SDKROOT = iphoneos;
				SWIFT_COMPILATION_MODE = wholemodule;
				SWIFT_OPTIMIZATION_LEVEL = "-O";
				VALIDATE_PRODUCT = YES;
			};
			name = Release;
		};
		5A0456BA241CF1210055EB27 /* Debug */ = {
			isa = XCBuildConfiguration;
			baseConfigurationReference = CF34EFBE4FD5C6F567B0E8F9 /* Pods-ChengJiDan.debug.xcconfig */;
			buildSettings = {
				ASSETCATALOG_COMPILER_APPICON_NAME = AppIcon;
				CLANG_ENABLE_MODULES = YES;
				CODE_SIGN_STYLE = Automatic;
				DEVELOPMENT_TEAM = E9MW74DJ4Y;
				INFOPLIST_FILE = ChengJiDan/Info.plist;
				LD_RUNPATH_SEARCH_PATHS = (
					"$(inherited)",
					"@executable_path/Frameworks",
				);
				PRODUCT_BUNDLE_IDENTIFIER = sweeper777.github.io.ChengJiDan;
				PRODUCT_NAME = "城跡单";
				SWIFT_OBJC_BRIDGING_HEADER = "ChengJiDan/ChengJiDan-Bridging-Header.h";
				SWIFT_OPTIMIZATION_LEVEL = "-Onone";
				SWIFT_VERSION = 5.0;
				TARGETED_DEVICE_FAMILY = "1,2";
			};
			name = Debug;
		};
		5A0456BB241CF1210055EB27 /* Release */ = {
			isa = XCBuildConfiguration;
			baseConfigurationReference = DA58222A8C517369AADDA01F /* Pods-ChengJiDan.release.xcconfig */;
			buildSettings = {
				ASSETCATALOG_COMPILER_APPICON_NAME = AppIcon;
				CLANG_ENABLE_MODULES = YES;
				CODE_SIGN_STYLE = Automatic;
				DEVELOPMENT_TEAM = E9MW74DJ4Y;
				INFOPLIST_FILE = ChengJiDan/Info.plist;
				LD_RUNPATH_SEARCH_PATHS = (
					"$(inherited)",
					"@executable_path/Frameworks",
				);
				PRODUCT_BUNDLE_IDENTIFIER = sweeper777.github.io.ChengJiDan;
				PRODUCT_NAME = "城跡单";
				SWIFT_OBJC_BRIDGING_HEADER = "ChengJiDan/ChengJiDan-Bridging-Header.h";
				SWIFT_VERSION = 5.0;
				TARGETED_DEVICE_FAMILY = "1,2";
			};
			name = Release;
		};
		5A0456BD241CF1210055EB27 /* Debug */ = {
			isa = XCBuildConfiguration;
			baseConfigurationReference = E2E9D6AAEC8C37C0F85733B2 /* Pods-ChengJiDanTests.debug.xcconfig */;
			buildSettings = {
				ALWAYS_EMBED_SWIFT_STANDARD_LIBRARIES = YES;
				BUNDLE_LOADER = "$(TEST_HOST)";
				CODE_SIGN_STYLE = Automatic;
				DEVELOPMENT_TEAM = E9MW74DJ4Y;
				INFOPLIST_FILE = ChengJiDanTests/Info.plist;
				IPHONEOS_DEPLOYMENT_TARGET = 13.0;
				LD_RUNPATH_SEARCH_PATHS = (
					"$(inherited)",
					"@executable_path/Frameworks",
					"@loader_path/Frameworks",
				);
				PRODUCT_BUNDLE_IDENTIFIER = sweeper777.github.io.ChengJiDanTests;
				PRODUCT_NAME = "$(TARGET_NAME)";
				SWIFT_VERSION = 5.0;
				TARGETED_DEVICE_FAMILY = "1,2";
				TEST_HOST = "$(BUILT_PRODUCTS_DIR)/ChengJiDan.app/ChengJiDan";
			};
			name = Debug;
		};
		5A0456BE241CF1210055EB27 /* Release */ = {
			isa = XCBuildConfiguration;
			baseConfigurationReference = 539EB4ABCA838705AEA39C6E /* Pods-ChengJiDanTests.release.xcconfig */;
			buildSettings = {
				ALWAYS_EMBED_SWIFT_STANDARD_LIBRARIES = YES;
				BUNDLE_LOADER = "$(TEST_HOST)";
				CODE_SIGN_STYLE = Automatic;
				DEVELOPMENT_TEAM = E9MW74DJ4Y;
				INFOPLIST_FILE = ChengJiDanTests/Info.plist;
				IPHONEOS_DEPLOYMENT_TARGET = 13.0;
				LD_RUNPATH_SEARCH_PATHS = (
					"$(inherited)",
					"@executable_path/Frameworks",
					"@loader_path/Frameworks",
				);
				PRODUCT_BUNDLE_IDENTIFIER = sweeper777.github.io.ChengJiDanTests;
				PRODUCT_NAME = "$(TARGET_NAME)";
				SWIFT_VERSION = 5.0;
				TARGETED_DEVICE_FAMILY = "1,2";
				TEST_HOST = "$(BUILT_PRODUCTS_DIR)/ChengJiDan.app/ChengJiDan";
			};
			name = Release;
		};
/* End XCBuildConfiguration section */

/* Begin XCConfigurationList section */
		5A045695241CF11E0055EB27 /* Build configuration list for PBXProject "ChengJiDan" */ = {
			isa = XCConfigurationList;
			buildConfigurations = (
				5A0456B7241CF1210055EB27 /* Debug */,
				5A0456B8241CF1210055EB27 /* Release */,
			);
			defaultConfigurationIsVisible = 0;
			defaultConfigurationName = Release;
		};
		5A0456B9241CF1210055EB27 /* Build configuration list for PBXNativeTarget "ChengJiDan" */ = {
			isa = XCConfigurationList;
			buildConfigurations = (
				5A0456BA241CF1210055EB27 /* Debug */,
				5A0456BB241CF1210055EB27 /* Release */,
			);
			defaultConfigurationIsVisible = 0;
			defaultConfigurationName = Release;
		};
		5A0456BC241CF1210055EB27 /* Build configuration list for PBXNativeTarget "ChengJiDanTests" */ = {
			isa = XCConfigurationList;
			buildConfigurations = (
				5A0456BD241CF1210055EB27 /* Debug */,
				5A0456BE241CF1210055EB27 /* Release */,
			);
			defaultConfigurationIsVisible = 0;
			defaultConfigurationName = Release;
		};
/* End XCConfigurationList section */
	};
	rootObject = 5A045692241CF11E0055EB27 /* Project object */;
}
